
Microsoft Visual Studio Solution File, Format Version 12.00
# Visual Studio Version 17
VisualStudioVersion = 17.7.34221.43
MinimumVisualStudioVersion = 10.0.40219.1
Project("{9A19103F-16F7-4668-BE54-9A1E7A4F7556}") = "SportingTeams_GUI", "SportingTeams\SportingTeams_GUI.csproj", "{15C79F9A-B9D9-4BD1-9DE1-0F0BC2A61E28}"
EndProject
Project("{9A19103F-16F7-4668-BE54-9A1E7A4F7556}") = "SportTeam", "SportTeam\SportTeam.csproj", "{067AED56-11DD-4189-896D-ABA24BD5EB29}"
EndProject
Project("{9A19103F-16F7-4668-BE54-9A1E7A4F7556}") = "Football", "Football\Football.csproj", "{892E54C8-4719-4950-A109-02A80F801219}"
EndProject
Project("{FAE04EC0-301F-11D3-BF4B-00C04F79EFBC}") = "Basketball", "Basketball\Basketball.csproj", "{37D089DC-65C0-4AD4-973D-56DBB713EE1D}"
EndProject
Project("{FAE04EC0-301F-11D3-BF4B-00C04F79EFBC}") = "Interfaces", "Interfaces\Interfaces.csproj", "{0FCB673F-22DA-44D2-854D-34E0385AD686}"
EndProject
Global
	GlobalSection(SolutionConfigurationPlatforms) = preSolution
		Debug|Any CPU = Debug|Any CPU
		Release|Any CPU = Release|Any CPU
	EndGlobalSection
	GlobalSection(ProjectConfigurationPlatforms) = postSolution
		{15C79F9A-B9D9-4BD1-9DE1-0F0BC2A61E28}.Debug|Any CPU.ActiveCfg = Debug|Any CPU
		{15C79F9A-B9D9-4BD1-9DE1-0F0BC2A61E28}.Debug|Any CPU.Build.0 = Debug|Any CPU
		{15C79F9A-B9D9-4BD1-9DE1-0F0BC2A61E28}.Release|Any CPU.ActiveCfg = Release|Any CPU
		{15C79F9A-B9D9-4BD1-9DE1-0F0BC2A61E28}.Release|Any CPU.Build.0 = Release|Any CPU
		{067AED56-11DD-4189-896D-ABA24BD5EB29}.Debug|Any CPU.ActiveCfg = Debug|Any CPU
		{067AED56-11DD-4189-896D-ABA24BD5EB29}.Debug|Any CPU.Build.0 = Debug|Any CPU
		{067AED56-11DD-4189-896D-ABA24BD5EB29}.Release|Any CPU.ActiveCfg = Release|Any CPU
		{067AED56-11DD-4189-896D-ABA24BD5EB29}.Release|Any CPU.Build.0 = Release|Any CPU
		{892E54C8-4719-4950-A109-02A80F801219}.Debug|Any CPU.ActiveCfg = Debug|Any CPU
		{892E54C8-4719-4950-A109-02A80F801219}.Debug|Any CPU.Build.0 = Debug|Any CPU
		{892E54C8-4719-4950-A109-02A80F801219}.Release|Any CPU.ActiveCfg = Release|Any CPU
		{892E54C8-4719-4950-A109-02A80F801219}.Release|Any CPU.Build.0 = Release|Any CPU
		{37D089DC-65C0-4AD4-973D-56DBB713EE1D}.Debug|Any CPU.ActiveCfg = Debug|Any CPU
		{37D089DC-65C0-4AD4-973D-56DBB713EE1D}.Debug|Any CPU.Build.0 = Debug|Any CPU
		{37D089DC-65C0-4AD4-973D-56DBB713EE1D}.Release|Any CPU.ActiveCfg = Release|Any CPU
		{37D089DC-65C0-4AD4-973D-56DBB713EE1D}.Release|Any CPU.Build.0 = Release|Any CPU
		{0FCB673F-22DA-44D2-854D-34E0385AD686}.Debug|Any CPU.ActiveCfg = Debug|Any CPU
		{0FCB673F-22DA-44D2-854D-34E0385AD686}.Debug|Any CPU.Build.0 = Debug|Any CPU
		{0FCB673F-22DA-44D2-854D-34E0385AD686}.Release|Any CPU.ActiveCfg = Release|Any CPU
		{0FCB673F-22DA-44D2-854D-34E0385AD686}.Release|Any CPU.Build.0 = Release|Any CPU
	EndGlobalSection
	GlobalSection(SolutionProperties) = preSolution
		HideSolutionNode = FALSE
	EndGlobalSection
	GlobalSection(ExtensibilityGlobals) = postSolution
		SolutionGuid = {176E96F3-01E1-4B60-B4D8-88CDD6499B00}
	EndGlobalSection
EndGlobal
